
Microsoft Visual Studio Solution File, Format Version 12.00
# Visual Studio 2013
VisualStudioVersion = 12.0.31101.0
MinimumVisualStudioVersion = 10.0.40219.1
Project("{2150E333-8FDC-42A3-9474-1A3956D46DE8}") = "ihoS57", "ihoS57", "{C118C0DD-F92A-43A9-BEC9-796D9583AAE7}"
EndProject
Project("{2150E333-8FDC-42A3-9474-1A3956D46DE8}") = "Cpp", "Cpp", "{AAEE35C5-F570-437B-9AB8-B82574DA9E18}"
EndProject
Project("{2150E333-8FDC-42A3-9474-1A3956D46DE8}") = "GOST28147-89", "GOST28147-89", "{0C7B152C-1CBE-4660-906E-01AF7F31F9C0}"
EndProject
Project("{2150E333-8FDC-42A3-9474-1A3956D46DE8}") = "Csharp", "Csharp", "{A7178ED5-BD06-4CC0-B061-37B0CE356830}"
EndProject
Project("{FAE04EC0-301F-11D3-BF4B-00C04F79EFBC}") = "GOST28147-89", "GOST28147-89\Csharp\GOST28147-89.csproj", "{16CADE9A-BF7C-4F45-9A8A-9B314AA60270}"
EndProject
Project("{2150E333-8FDC-42A3-9474-1A3956D46DE8}") = "Csharp", "Csharp", "{3F88C4D0-5527-41A9-9D02-1BCA8ED819F4}"
EndProject
Project("{2150E333-8FDC-42A3-9474-1A3956D46DE8}") = "Cpp", "Cpp", "{57EA2273-8017-4D3F-8216-0C91587FB17D}"
EndProject
Project("{8BC9CEB8-8B4A-11D0-8D11-00A0C91BC942}") = "ihoS57", "ihoS57\Cpp\ihoS57.vcxproj", "{73DFFD36-F513-4656-A795-2B458AB33E69}"
EndProject
Project("{2150E333-8FDC-42A3-9474-1A3956D46DE8}") = "Solution Items", "Solution Items", "{4B88B4EA-0C73-4B86-9FC8-84CF09FA5EC4}"
	ProjectSection(SolutionItems) = preProject
		LICENSE = LICENSE
		README.md = README.md
	EndProjectSection
EndProject
Project("{2150E333-8FDC-42A3-9474-1A3956D46DE8}") = "NMEA0183", "NMEA0183", "{9C2D2A95-AABE-4590-9D6C-A4984AC956DF}"
EndProject
Project("{2150E333-8FDC-42A3-9474-1A3956D46DE8}") = "Csharp", "Csharp", "{D96676C9-0297-49DE-866E-B14FE557FA52}"
EndProject
Project("{2150E333-8FDC-42A3-9474-1A3956D46DE8}") = "Cpp", "Cpp", "{BBFFA9CE-3198-4A0D-A91F-EFC8EADFEC84}"
EndProject
Project("{FAE04EC0-301F-11D3-BF4B-00C04F79EFBC}") = "NMEA0183", "NMEA0183\Csharp\NMEA0183.csproj", "{37C8C492-2E49-4CF8-8BED-B0FD6FE71C0A}"
EndProject
Global
	GlobalSection(SolutionConfigurationPlatforms) = preSolution
		Debug|Any CPU = Debug|Any CPU
		Debug|Mixed Platforms = Debug|Mixed Platforms
		Debug|Win32 = Debug|Win32
		Debug|x64 = Debug|x64
		Release|Any CPU = Release|Any CPU
		Release|Mixed Platforms = Release|Mixed Platforms
		Release|Win32 = Release|Win32
		Release|x64 = Release|x64
	EndGlobalSection
	GlobalSection(ProjectConfigurationPlatforms) = postSolution
		{16CADE9A-BF7C-4F45-9A8A-9B314AA60270}.Debug|Any CPU.ActiveCfg = Debug|Any CPU
		{16CADE9A-BF7C-4F45-9A8A-9B314AA60270}.Debug|Any CPU.Build.0 = Debug|Any CPU
		{16CADE9A-BF7C-4F45-9A8A-9B314AA60270}.Debug|Mixed Platforms.ActiveCfg = Debug|x86
		{16CADE9A-BF7C-4F45-9A8A-9B314AA60270}.Debug|Mixed Platforms.Build.0 = Debug|x86
		{16CADE9A-BF7C-4F45-9A8A-9B314AA60270}.Debug|Win32.ActiveCfg = Debug|x86
		{16CADE9A-BF7C-4F45-9A8A-9B314AA60270}.Debug|Win32.Build.0 = Debug|x86
		{16CADE9A-BF7C-4F45-9A8A-9B314AA60270}.Debug|x64.ActiveCfg = Debug|x64
		{16CADE9A-BF7C-4F45-9A8A-9B314AA60270}.Debug|x64.Build.0 = Debug|x64
		{16CADE9A-BF7C-4F45-9A8A-9B314AA60270}.Release|Any CPU.ActiveCfg = Release|Any CPU
		{16CADE9A-BF7C-4F45-9A8A-9B314AA60270}.Release|Any CPU.Build.0 = Release|Any CPU
		{16CADE9A-BF7C-4F45-9A8A-9B314AA60270}.Release|Mixed Platforms.ActiveCfg = Release|x86
		{16CADE9A-BF7C-4F45-9A8A-9B314AA60270}.Release|Mixed Platforms.Build.0 = Release|x86
		{16CADE9A-BF7C-4F45-9A8A-9B314AA60270}.Release|Win32.ActiveCfg = Release|Any CPU
		{16CADE9A-BF7C-4F45-9A8A-9B314AA60270}.Release|x64.ActiveCfg = Release|Any CPU
		{73DFFD36-F513-4656-A795-2B458AB33E69}.Debug|Any CPU.ActiveCfg = Debug|Win32
		{73DFFD36-F513-4656-A795-2B458AB33E69}.Debug|Mixed Platforms.ActiveCfg = Debug|Win32
		{73DFFD36-F513-4656-A795-2B458AB33E69}.Debug|Mixed Platforms.Build.0 = Debug|Win32
		{73DFFD36-F513-4656-A795-2B458AB33E69}.Debug|Win32.ActiveCfg = Debug|Win32
		{73DFFD36-F513-4656-A795-2B458AB33E69}.Debug|Win32.Build.0 = Debug|Win32
		{73DFFD36-F513-4656-A795-2B458AB33E69}.Debug|x64.ActiveCfg = Debug|x64
		{73DFFD36-F513-4656-A795-2B458AB33E69}.Debug|x64.Build.0 = Debug|x64
		{73DFFD36-F513-4656-A795-2B458AB33E69}.Release|Any CPU.ActiveCfg = Release|Win32
		{73DFFD36-F513-4656-A795-2B458AB33E69}.Release|Mixed Platforms.ActiveCfg = Release|Win32
		{73DFFD36-F513-4656-A795-2B458AB33E69}.Release|Mixed Platforms.Build.0 = Release|Win32
		{73DFFD36-F513-4656-A795-2B458AB33E69}.Release|Win32.ActiveCfg = Release|Win32
		{73DFFD36-F513-4656-A795-2B458AB33E69}.Release|Win32.Build.0 = Release|Win32
		{73DFFD36-F513-4656-A795-2B458AB33E69}.Release|x64.ActiveCfg = Release|x64
		{73DFFD36-F513-4656-A795-2B458AB33E69}.Release|x64.Build.0 = Release|x64
		{37C8C492-2E49-4CF8-8BED-B0FD6FE71C0A}.Debug|Any CPU.ActiveCfg = Debug|Any CPU
		{37C8C492-2E49-4CF8-8BED-B0FD6FE71C0A}.Debug|Any CPU.Build.0 = Debug|Any CPU
		{37C8C492-2E49-4CF8-8BED-B0FD6FE71C0A}.Debug|Mixed Platforms.ActiveCfg = Debug|Any CPU
		{37C8C492-2E49-4CF8-8BED-B0FD6FE71C0A}.Debug|Mixed Platforms.Build.0 = Debug|Any CPU
		{37C8C492-2E49-4CF8-8BED-B0FD6FE71C0A}.Debug|Win32.ActiveCfg = Debug|Any CPU
		{37C8C492-2E49-4CF8-8BED-B0FD6FE71C0A}.Debug|x64.ActiveCfg = Debug|Any CPU
		{37C8C492-2E49-4CF8-8BED-B0FD6FE71C0A}.Release|Any CPU.ActiveCfg = Release|Any CPU
		{37C8C492-2E49-4CF8-8BED-B0FD6FE71C0A}.Release|Any CPU.Build.0 = Release|Any CPU
		{37C8C492-2E49-4CF8-8BED-B0FD6FE71C0A}.Release|Mixed Platforms.ActiveCfg = Release|Any CPU
		{37C8C492-2E49-4CF8-8BED-B0FD6FE71C0A}.Release|Mixed Platforms.Build.0 = Release|Any CPU
		{37C8C492-2E49-4CF8-8BED-B0FD6FE71C0A}.Release|Win32.ActiveCfg = Release|Any CPU
		{37C8C492-2E49-4CF8-8BED-B0FD6FE71C0A}.Release|x64.ActiveCfg = Release|Any CPU
	EndGlobalSection
	GlobalSection(SolutionProperties) = preSolution
		HideSolutionNode = FALSE
	EndGlobalSection
	GlobalSection(NestedProjects) = preSolution
		{AAEE35C5-F570-437B-9AB8-B82574DA9E18} = {C118C0DD-F92A-43A9-BEC9-796D9583AAE7}
		{A7178ED5-BD06-4CC0-B061-37B0CE356830} = {0C7B152C-1CBE-4660-906E-01AF7F31F9C0}
		{16CADE9A-BF7C-4F45-9A8A-9B314AA60270} = {A7178ED5-BD06-4CC0-B061-37B0CE356830}
		{3F88C4D0-5527-41A9-9D02-1BCA8ED819F4} = {C118C0DD-F92A-43A9-BEC9-796D9583AAE7}
		{57EA2273-8017-4D3F-8216-0C91587FB17D} = {0C7B152C-1CBE-4660-906E-01AF7F31F9C0}
		{73DFFD36-F513-4656-A795-2B458AB33E69} = {AAEE35C5-F570-437B-9AB8-B82574DA9E18}
		{D96676C9-0297-49DE-866E-B14FE557FA52} = {9C2D2A95-AABE-4590-9D6C-A4984AC956DF}
		{BBFFA9CE-3198-4A0D-A91F-EFC8EADFEC84} = {9C2D2A95-AABE-4590-9D6C-A4984AC956DF}
		{37C8C492-2E49-4CF8-8BED-B0FD6FE71C0A} = {D96676C9-0297-49DE-866E-B14FE557FA52}
	EndGlobalSection
EndGlobal
