// !$*UTF8*$!
{
	archiveVersion = 1;
	classes = {
	};
	objectVersion = 46;
	objects = {

/* Begin PBXBuildFile section */
		CDA14F931B139F4F002D2392 /* DDFField.cpp in Sources */ = {isa = PBXBuildFile; fileRef = CDA14F8A1B139F4F002D2392 /* DDFField.cpp */; };
		CDA14F941B139F4F002D2392 /* DDFFIeldDefining.cpp in Sources */ = {isa = PBXBuildFile; fileRef = CDA14F8B1B139F4F002D2392 /* DDFFIeldDefining.cpp */; };
		CDA14F951B139F4F002D2392 /* DDFModule.cpp in Sources */ = {isa = PBXBuildFile; fileRef = CDA14F8C1B139F4F002D2392 /* DDFModule.cpp */; };
		CDA14F961B139F4F002D2392 /* DDFRecord.cpp in Sources */ = {isa = PBXBuildFile; fileRef = CDA14F8D1B139F4F002D2392 /* DDFRecord.cpp */; };
		CDA14F971B139F4F002D2392 /* DDFSubfieldDefining.cpp in Sources */ = {isa = PBXBuildFile; fileRef = CDA14F8E1B139F4F002D2392 /* DDFSubfieldDefining.cpp */; };
		CDA14F981B139F4F002D2392 /* DDFUtils.cpp in Sources */ = {isa = PBXBuildFile; fileRef = CDA14F8F1B139F4F002D2392 /* DDFUtils.cpp */; };
		CDA14F991B139F4F002D2392 /* ENCChart.cpp in Sources */ = {isa = PBXBuildFile; fileRef = CDA14F901B139F4F002D2392 /* ENCChart.cpp */; };
		CDA14F9D1B13A080002D2392 /* main.cpp in Sources */ = {isa = PBXBuildFile; fileRef = CDA14F9C1B13A080002D2392 /* main.cpp */; };
/* End PBXBuildFile section */

/* Begin PBXCopyFilesBuildPhase section */
		CDA497D31B1354FD00C6EEA1 /* CopyFiles */ = {
			isa = PBXCopyFilesBuildPhase;
			buildActionMask = 2147483647;
			dstPath = "";
			dstSubfolderSpec = 7;
			files = (
			);
			runOnlyForDeploymentPostprocessing = 1;
		};
/* End PBXCopyFilesBuildPhase section */

/* Begin PBXFileReference section */
		CDA14F8A1B139F4F002D2392 /* DDFField.cpp */ = {isa = PBXFileReference; fileEncoding = 4; lastKnownFileType = sourcecode.cpp.cpp; path = DDFField.cpp; sourceTree = SOURCE_ROOT; };
		CDA14F8B1B139F4F002D2392 /* DDFFIeldDefining.cpp */ = {isa = PBXFileReference; fileEncoding = 4; lastKnownFileType = sourcecode.cpp.cpp; path = DDFFIeldDefining.cpp; sourceTree = SOURCE_ROOT; };
		CDA14F8C1B139F4F002D2392 /* DDFModule.cpp */ = {isa = PBXFileReference; fileEncoding = 4; lastKnownFileType = sourcecode.cpp.cpp; path = DDFModule.cpp; sourceTree = SOURCE_ROOT; };
		CDA14F8D1B139F4F002D2392 /* DDFRecord.cpp */ = {isa = PBXFileReference; fileEncoding = 4; lastKnownFileType = sourcecode.cpp.cpp; path = DDFRecord.cpp; sourceTree = SOURCE_ROOT; };
		CDA14F8E1B139F4F002D2392 /* DDFSubfieldDefining.cpp */ = {isa = PBXFileReference; fileEncoding = 4; lastKnownFileType = sourcecode.cpp.cpp; path = DDFSubfieldDefining.cpp; sourceTree = SOURCE_ROOT; };
		CDA14F8F1B139F4F002D2392 /* DDFUtils.cpp */ = {isa = PBXFileReference; fileEncoding = 4; lastKnownFileType = sourcecode.cpp.cpp; path = DDFUtils.cpp; sourceTree = SOURCE_ROOT; };
		CDA14F901B139F4F002D2392 /* ENCChart.cpp */ = {isa = PBXFileReference; fileEncoding = 4; lastKnownFileType = sourcecode.cpp.cpp; path = ENCChart.cpp; sourceTree = SOURCE_ROOT; };
		CDA14F911B139F4F002D2392 /* ihoS57.h */ = {isa = PBXFileReference; fileEncoding = 4; lastKnownFileType = sourcecode.c.h; path = ihoS57.h; sourceTree = SOURCE_ROOT; };
		CDA14F921B139F4F002D2392 /* iso8211.h */ = {isa = PBXFileReference; fileEncoding = 4; lastKnownFileType = sourcecode.c.h; path = iso8211.h; sourceTree = SOURCE_ROOT; };
		CDA14F9C1B13A080002D2392 /* main.cpp */ = {isa = PBXFileReference; fileEncoding = 4; lastKnownFileType = sourcecode.cpp.cpp; path = main.cpp; sourceTree = SOURCE_ROOT; };
		CDA14FA01B13AC54002D2392 /* SAMPLE.000 */ = {isa = PBXFileReference; fileEncoding = 4; lastKnownFileType = text; path = SAMPLE.000; sourceTree = SOURCE_ROOT; };
		CDA497D51B1354FD00C6EEA1 /* ihoS57 */ = {isa = PBXFileReference; explicitFileType = "compiled.mach-o.executable"; includeInIndex = 0; path = ihoS57; sourceTree = BUILT_PRODUCTS_DIR; };
/* End PBXFileReference section */

/* Begin PBXFrameworksBuildPhase section */
		CDA497D21B1354FD00C6EEA1 /* Frameworks */ = {
			isa = PBXFrameworksBuildPhase;
			buildActionMask = 2147483647;
			files = (
			);
			runOnlyForDeploymentPostprocessing = 0;
		};
/* End PBXFrameworksBuildPhase section */

/* Begin PBXGroup section */
		CDA14F9A1B139F55002D2392 /* Header Files */ = {
			isa = PBXGroup;
			children = (
				CDA14F911B139F4F002D2392 /* ihoS57.h */,
				CDA14F921B139F4F002D2392 /* iso8211.h */,
			);
			name = "Header Files";
			sourceTree = "<group>";
		};
		CDA14F9B1B139F6A002D2392 /* Source Files */ = {
			isa = PBXGroup;
			children = (
				CDA14F8A1B139F4F002D2392 /* DDFField.cpp */,
				CDA14F8B1B139F4F002D2392 /* DDFFIeldDefining.cpp */,
				CDA14F8C1B139F4F002D2392 /* DDFModule.cpp */,
				CDA14F8D1B139F4F002D2392 /* DDFRecord.cpp */,
				CDA14F8E1B139F4F002D2392 /* DDFSubfieldDefining.cpp */,
				CDA14F8F1B139F4F002D2392 /* DDFUtils.cpp */,
				CDA14F901B139F4F002D2392 /* ENCChart.cpp */,
				CDA14F9C1B13A080002D2392 /* main.cpp */,
			);
			name = "Source Files";
			sourceTree = "<group>";
		};
		CDA14F9F1B13AC35002D2392 /* Resources */ = {
			isa = PBXGroup;
			children = (
				CDA14FA01B13AC54002D2392 /* SAMPLE.000 */,
			);
			name = Resources;
			sourceTree = "<group>";
		};
		CDA497CC1B1354FD00C6EEA1 = {
			isa = PBXGroup;
			children = (
				CDA497D71B1354FD00C6EEA1 /* ihoS57 */,
				CDA497D61B1354FD00C6EEA1 /* Products */,
			);
			sourceTree = "<group>";
		};
		CDA497D61B1354FD00C6EEA1 /* Products */ = {
			isa = PBXGroup;
			children = (
				CDA497D51B1354FD00C6EEA1 /* ihoS57 */,
			);
			name = Products;
			sourceTree = "<group>";
		};
		CDA497D71B1354FD00C6EEA1 /* ihoS57 */ = {
			isa = PBXGroup;
			children = (
				CDA14F9A1B139F55002D2392 /* Header Files */,
				CDA14F9F1B13AC35002D2392 /* Resources */,
				CDA14F9B1B139F6A002D2392 /* Source Files */,
			);
			path = ihoS57;
			sourceTree = "<group>";
		};
/* End PBXGroup section */

/* Begin PBXNativeTarget section */
		CDA497D41B1354FD00C6EEA1 /* ihoS57 */ = {
			isa = PBXNativeTarget;
			buildConfigurationList = CDA497DC1B1354FD00C6EEA1 /* Build configuration list for PBXNativeTarget "ihoS57" */;
			buildPhases = (
				CDA497D11B1354FD00C6EEA1 /* Sources */,
				CDA497D21B1354FD00C6EEA1 /* Frameworks */,
				CDA497D31B1354FD00C6EEA1 /* CopyFiles */,
			);
			buildRules = (
			);
			dependencies = (
			);
			name = ihoS57;
			productName = ihoS57;
			productReference = CDA497D51B1354FD00C6EEA1 /* ihoS57 */;
			productType = "com.apple.product-type.tool";
		};
/* End PBXNativeTarget section */

/* Begin PBXProject section */
		CDA497CD1B1354FD00C6EEA1 /* Project object */ = {
			isa = PBXProject;
			attributes = {
				LastUpgradeCheck = 0710;
				ORGANIZATIONNAME = Cellyceos;
				TargetAttributes = {
					CDA497D41B1354FD00C6EEA1 = {
						CreatedOnToolsVersion = 6.3.2;
					};
				};
			};
			buildConfigurationList = CDA497D01B1354FD00C6EEA1 /* Build configuration list for PBXProject "ihoS57" */;
			compatibilityVersion = "Xcode 3.2";
			developmentRegion = English;
			hasScannedForEncodings = 0;
			knownRegions = (
				en,
			);
			mainGroup = CDA497CC1B1354FD00C6EEA1;
			productRefGroup = CDA497D61B1354FD00C6EEA1 /* Products */;
			projectDirPath = "";
			projectRoot = "";
			targets = (
				CDA497D41B1354FD00C6EEA1 /* ihoS57 */,
			);
		};
/* End PBXProject section */

/* Begin PBXSourcesBuildPhase section */
		CDA497D11B1354FD00C6EEA1 /* Sources */ = {
			isa = PBXSourcesBuildPhase;
			buildActionMask = 2147483647;
			files = (
				CDA14F971B139F4F002D2392 /* DDFSubfieldDefining.cpp in Sources */,
				CDA14F941B139F4F002D2392 /* DDFFIeldDefining.cpp in Sources */,
				CDA14F951B139F4F002D2392 /* DDFModule.cpp in Sources */,
				CDA14F931B139F4F002D2392 /* DDFField.cpp in Sources */,
				CDA14F991B139F4F002D2392 /* ENCChart.cpp in Sources */,
				CDA14F981B139F4F002D2392 /* DDFUtils.cpp in Sources */,
				CDA14F9D1B13A080002D2392 /* main.cpp in Sources */,
				CDA14F961B139F4F002D2392 /* DDFRecord.cpp in Sources */,
			);
			runOnlyForDeploymentPostprocessing = 0;
		};
/* End PBXSourcesBuildPhase section */

/* Begin XCBuildConfiguration section */
		CDA497DA1B1354FD00C6EEA1 /* Debug */ = {
			isa = XCBuildConfiguration;
			buildSettings = {
				ALWAYS_SEARCH_USER_PATHS = NO;
				CLANG_CXX_LANGUAGE_STANDARD = "c++0x";
				CLANG_CXX_LIBRARY = "libc++";
				CLANG_ENABLE_MODULES = YES;
				CLANG_ENABLE_OBJC_ARC = YES;
				CLANG_WARN_BOOL_CONVERSION = YES;
				CLANG_WARN_CONSTANT_CONVERSION = YES;
				CLANG_WARN_DIRECT_OBJC_ISA_USAGE = YES_ERROR;
				CLANG_WARN_EMPTY_BODY = YES;
				CLANG_WARN_ENUM_CONVERSION = YES;
				CLANG_WARN_INT_CONVERSION = YES;
				CLANG_WARN_OBJC_ROOT_CLASS = YES_ERROR;
				CLANG_WARN_UNREACHABLE_CODE = YES;
				CLANG_WARN__DUPLICATE_METHOD_MATCH = YES;
				COPY_PHASE_STRIP = NO;
				DEBUG_INFORMATION_FORMAT = dwarf;
				ENABLE_STRICT_OBJC_MSGSEND = YES;
				ENABLE_TESTABILITY = YES;
				GCC_C_LANGUAGE_STANDARD = c11;
				GCC_DYNAMIC_NO_PIC = NO;
				GCC_NO_COMMON_BLOCKS = YES;
				GCC_OPTIMIZATION_LEVEL = 0;
				GCC_PREPROCESSOR_DEFINITIONS = (
					"DEBUG=1",
					"$(inherited)",
				);
				GCC_SYMBOLS_PRIVATE_EXTERN = NO;
				GCC_WARN_64_TO_32_BIT_CONVERSION = YES;
				GCC_WARN_ABOUT_RETURN_TYPE = YES_ERROR;
				GCC_WARN_PEDANTIC = YES;
				GCC_WARN_UNDECLARED_SELECTOR = YES;
				GCC_WARN_UNINITIALIZED_AUTOS = YES_AGGRESSIVE;
				GCC_WARN_UNUSED_FUNCTION = YES;
				GCC_WARN_UNUSED_VARIABLE = YES;
				MACOSX_DEPLOYMENT_TARGET = 10.10;
				MTL_ENABLE_DEBUG_INFO = YES;
				ONLY_ACTIVE_ARCH = YES;
				SDKROOT = macosx;
				SYMROOT = build;
			};
			name = Debug;
		};
		CDA497DB1B1354FD00C6EEA1 /* Release */ = {
			isa = XCBuildConfiguration;
			buildSettings = {
				ALWAYS_SEARCH_USER_PATHS = NO;
				CLANG_CXX_LANGUAGE_STANDARD = "c++0x";
				CLANG_CXX_LIBRARY = "libc++";
				CLANG_ENABLE_MODULES = YES;
				CLANG_ENABLE_OBJC_ARC = YES;
				CLANG_WARN_BOOL_CONVERSION = YES;
				CLANG_WARN_CONSTANT_CONVERSION = YES;
				CLANG_WARN_DIRECT_OBJC_ISA_USAGE = YES_ERROR;
				CLANG_WARN_EMPTY_BODY = YES;
				CLANG_WARN_ENUM_CONVERSION = YES;
				CLANG_WARN_INT_CONVERSION = YES;
				CLANG_WARN_OBJC_ROOT_CLASS = YES_ERROR;
				CLANG_WARN_UNREACHABLE_CODE = YES;
				CLANG_WARN__DUPLICATE_METHOD_MATCH = YES;
				COPY_PHASE_STRIP = NO;
				DEBUG_INFORMATION_FORMAT = "dwarf-with-dsym";
				ENABLE_NS_ASSERTIONS = NO;
				ENABLE_STRICT_OBJC_MSGSEND = YES;
				GCC_C_LANGUAGE_STANDARD = c11;
				GCC_NO_COMMON_BLOCKS = YES;
				GCC_WARN_64_TO_32_BIT_CONVERSION = YES;
				GCC_WARN_ABOUT_RETURN_TYPE = YES_ERROR;
				GCC_WARN_PEDANTIC = YES;
				GCC_WARN_UNDECLARED_SELECTOR = YES;
				GCC_WARN_UNINITIALIZED_AUTOS = YES_AGGRESSIVE;
				GCC_WARN_UNUSED_FUNCTION = YES;
				GCC_WARN_UNUSED_VARIABLE = YES;
				MACOSX_DEPLOYMENT_TARGET = 10.10;
				MTL_ENABLE_DEBUG_INFO = NO;
				SDKROOT = macosx;
				SYMROOT = build;
			};
			name = Release;
		};
		CDA497DD1B1354FD00C6EEA1 /* Debug */ = {
			isa = XCBuildConfiguration;
			buildSettings = {
				PRODUCT_NAME = "$(TARGET_NAME)";
				SYMROOT = build;
			};
			name = Debug;
		};
		CDA497DE1B1354FD00C6EEA1 /* Release */ = {
			isa = XCBuildConfiguration;
			buildSettings = {
				PRODUCT_NAME = "$(TARGET_NAME)";
				SYMROOT = build;
			};
			name = Release;
		};
/* End XCBuildConfiguration section */

/* Begin XCConfigurationList section */
		CDA497D01B1354FD00C6EEA1 /* Build configuration list for PBXProject "ihoS57" */ = {
			isa = XCConfigurationList;
			buildConfigurations = (
				CDA497DA1B1354FD00C6EEA1 /* Debug */,
				CDA497DB1B1354FD00C6EEA1 /* Release */,
			);
			defaultConfigurationIsVisible = 0;
			defaultConfigurationName = Release;
		};
		CDA497DC1B1354FD00C6EEA1 /* Build configuration list for PBXNativeTarget "ihoS57" */ = {
			isa = XCConfigurationList;
			buildConfigurations = (
				CDA497DD1B1354FD00C6EEA1 /* Debug */,
				CDA497DE1B1354FD00C6EEA1 /* Release */,
			);
			defaultConfigurationIsVisible = 0;
			defaultConfigurationName = Release;
		};
/* End XCConfigurationList section */
	};
	rootObject = CDA497CD1B1354FD00C6EEA1 /* Project object */;
}
